// !$*UTF8*$!
{
	archiveVersion = 1;
	classes = {
	};
	objectVersion = 48;
	objects = {

/* Begin PBXBuildFile section */
		662926191F6D2909004C5300 /* OutlineView.swift in Sources */ = {isa = PBXBuildFile; fileRef = 662926181F6D2909004C5300 /* OutlineView.swift */; };
		665AC8C01F5E4B4B00A16B19 /* FileOutlineView.xib in Resources */ = {isa = PBXBuildFile; fileRef = 665AC8BF1F5E4B4B00A16B19 /* FileOutlineView.xib */; };
		665AC8C21F5E9A8B00A16B19 /* FileObject.swift in Sources */ = {isa = PBXBuildFile; fileRef = 665AC8C11F5E9A8B00A16B19 /* FileObject.swift */; };
		665AC8C41F60F0FD00A16B19 /* FileService.swift in Sources */ = {isa = PBXBuildFile; fileRef = 665AC8C31F60F0FD00A16B19 /* FileService.swift */; };
		666D4B5E1F678D1C00ED3240 /* FolderCompareViewController.swift in Sources */ = {isa = PBXBuildFile; fileRef = 666D4B5D1F678D1C00ED3240 /* FolderCompareViewController.swift */; };
		666D4B601F678D6700ED3240 /* SingleOutlineView.swift in Sources */ = {isa = PBXBuildFile; fileRef = 666D4B5F1F678D6700ED3240 /* SingleOutlineView.swift */; };
		6684811B1F5B0B24006902AE /* AppDelegate.swift in Sources */ = {isa = PBXBuildFile; fileRef = 6684811A1F5B0B24006902AE /* AppDelegate.swift */; };
		6684811D1F5B0B24006902AE /* Assets.xcassets in Resources */ = {isa = PBXBuildFile; fileRef = 6684811C1F5B0B24006902AE /* Assets.xcassets */; };
		668481291F5B0FE5006902AE /* Application.swift in Sources */ = {isa = PBXBuildFile; fileRef = 668481281F5B0FE5006902AE /* Application.swift */; };
		6684812B1F5B10D4006902AE /* FolderSelectedViewController.swift in Sources */ = {isa = PBXBuildFile; fileRef = 6684812A1F5B10D4006902AE /* FolderSelectedViewController.swift */; };
		668481311F5DB07E006902AE /* FileTableCellView.xib in Resources */ = {isa = PBXBuildFile; fileRef = 668481301F5DB07E006902AE /* FileTableCellView.xib */; };
		66B1F1F41F69308500F846AF /* Constants.swift in Sources */ = {isa = PBXBuildFile; fileRef = 66B1F1F31F69308500F846AF /* Constants.swift */; };
		66B1F1F81F6A796200F846AF /* ViewController.swift in Sources */ = {isa = PBXBuildFile; fileRef = 66B1F1F71F6A796200F846AF /* ViewController.swift */; };
		66DAF06C1F70C10C0027C305 /* FilePermissions.swift in Sources */ = {isa = PBXBuildFile; fileRef = 66DAF06B1F70C10C0027C305 /* FilePermissions.swift */; };
		66F907621F703168006BEB54 /* NSTouchBar+Helper.swift in Sources */ = {isa = PBXBuildFile; fileRef = 66F907611F703168006BEB54 /* NSTouchBar+Helper.swift */; };
		DA98C9A4B274D4549E309834 /* Pods_FolderSync.framework in Frameworks */ = {isa = PBXBuildFile; fileRef = D5C031BD6CF52C711DB76E2B /* Pods_FolderSync.framework */; };
/* End PBXBuildFile section */

/* Begin PBXFileReference section */
		0F26349E45600EC0F007B75A /* Pods-FolderSync.release.xcconfig */ = {isa = PBXFileReference; includeInIndex = 1; lastKnownFileType = text.xcconfig; name = "Pods-FolderSync.release.xcconfig"; path = "Pods/Target Support Files/Pods-FolderSync/Pods-FolderSync.release.xcconfig"; sourceTree = "<group>"; };
		6584601C849651A878A69A0F /* Pods-FolderSync.debug.xcconfig */ = {isa = PBXFileReference; includeInIndex = 1; lastKnownFileType = text.xcconfig; name = "Pods-FolderSync.debug.xcconfig"; path = "Pods/Target Support Files/Pods-FolderSync/Pods-FolderSync.debug.xcconfig"; sourceTree = "<group>"; };
		662926181F6D2909004C5300 /* OutlineView.swift */ = {isa = PBXFileReference; lastKnownFileType = sourcecode.swift; path = OutlineView.swift; sourceTree = "<group>"; };
		665AC8BF1F5E4B4B00A16B19 /* FileOutlineView.xib */ = {isa = PBXFileReference; lastKnownFileType = file.xib; path = FileOutlineView.xib; sourceTree = "<group>"; };
		665AC8C11F5E9A8B00A16B19 /* FileObject.swift */ = {isa = PBXFileReference; lastKnownFileType = sourcecode.swift; path = FileObject.swift; sourceTree = "<group>"; };
		665AC8C31F60F0FD00A16B19 /* FileService.swift */ = {isa = PBXFileReference; lastKnownFileType = sourcecode.swift; path = FileService.swift; sourceTree = "<group>"; };
		666D4B5D1F678D1C00ED3240 /* FolderCompareViewController.swift */ = {isa = PBXFileReference; lastKnownFileType = sourcecode.swift; path = FolderCompareViewController.swift; sourceTree = "<group>"; };
		666D4B5F1F678D6700ED3240 /* SingleOutlineView.swift */ = {isa = PBXFileReference; lastKnownFileType = sourcecode.swift; path = SingleOutlineView.swift; sourceTree = "<group>"; };
		668481171F5B0B24006902AE /* FolderSync.app */ = {isa = PBXFileReference; explicitFileType = wrapper.application; includeInIndex = 0; path = FolderSync.app; sourceTree = BUILT_PRODUCTS_DIR; };
		6684811A1F5B0B24006902AE /* AppDelegate.swift */ = {isa = PBXFileReference; lastKnownFileType = sourcecode.swift; path = AppDelegate.swift; sourceTree = "<group>"; };
		6684811C1F5B0B24006902AE /* Assets.xcassets */ = {isa = PBXFileReference; lastKnownFileType = folder.assetcatalog; path = Assets.xcassets; sourceTree = "<group>"; };
		668481211F5B0B24006902AE /* Info.plist */ = {isa = PBXFileReference; lastKnownFileType = text.plist.xml; path = Info.plist; sourceTree = "<group>"; };
		668481221F5B0B24006902AE /* FolderSync.entitlements */ = {isa = PBXFileReference; lastKnownFileType = text.plist.entitlements; path = FolderSync.entitlements; sourceTree = "<group>"; };
		668481281F5B0FE5006902AE /* Application.swift */ = {isa = PBXFileReference; lastKnownFileType = sourcecode.swift; path = Application.swift; sourceTree = "<group>"; };
		6684812A1F5B10D4006902AE /* FolderSelectedViewController.swift */ = {isa = PBXFileReference; lastKnownFileType = sourcecode.swift; path = FolderSelectedViewController.swift; sourceTree = "<group>"; };
		668481301F5DB07E006902AE /* FileTableCellView.xib */ = {isa = PBXFileReference; lastKnownFileType = file.xib; path = FileTableCellView.xib; sourceTree = "<group>"; };
		66B1F1EF1F691B9F00F846AF /* FolderSync-Bridging-Header.h */ = {isa = PBXFileReference; lastKnownFileType = sourcecode.c.h; path = "FolderSync-Bridging-Header.h"; sourceTree = "<group>"; };
		66B1F1F31F69308500F846AF /* Constants.swift */ = {isa = PBXFileReference; lastKnownFileType = sourcecode.swift; path = Constants.swift; sourceTree = "<group>"; };
		66B1F1F71F6A796200F846AF /* ViewController.swift */ = {isa = PBXFileReference; lastKnownFileType = sourcecode.swift; path = ViewController.swift; sourceTree = "<group>"; };
		66DAF06B1F70C10C0027C305 /* FilePermissions.swift */ = {isa = PBXFileReference; fileEncoding = 4; lastKnownFileType = sourcecode.swift; path = FilePermissions.swift; sourceTree = "<group>"; };
		66F907611F703168006BEB54 /* NSTouchBar+Helper.swift */ = {isa = PBXFileReference; fileEncoding = 4; lastKnownFileType = sourcecode.swift; path = "NSTouchBar+Helper.swift"; sourceTree = "<group>"; };
		D5C031BD6CF52C711DB76E2B /* Pods_FolderSync.framework */ = {isa = PBXFileReference; explicitFileType = wrapper.framework; includeInIndex = 0; path = Pods_FolderSync.framework; sourceTree = BUILT_PRODUCTS_DIR; };
/* End PBXFileReference section */

/* Begin PBXFrameworksBuildPhase section */
		668481141F5B0B24006902AE /* Frameworks */ = {
			isa = PBXFrameworksBuildPhase;
			buildActionMask = 2147483647;
			files = (
				DA98C9A4B274D4549E309834 /* Pods_FolderSync.framework in Frameworks */,
			);
			runOnlyForDeploymentPostprocessing = 0;
		};
/* End PBXFrameworksBuildPhase section */

/* Begin PBXGroup section */
		52D7211B5B97033C4FD13AB8 /* Pods */ = {
			isa = PBXGroup;
			children = (
				6584601C849651A878A69A0F /* Pods-FolderSync.debug.xcconfig */,
				0F26349E45600EC0F007B75A /* Pods-FolderSync.release.xcconfig */,
			);
			name = Pods;
			sourceTree = "<group>";
		};
		6684810E1F5B0B24006902AE = {
			isa = PBXGroup;
			children = (
				668481191F5B0B24006902AE /* FolderSync */,
				668481181F5B0B24006902AE /* Products */,
				52D7211B5B97033C4FD13AB8 /* Pods */,
				A0B2789A402D85B648730223 /* Frameworks */,
			);
			sourceTree = "<group>";
		};
		668481181F5B0B24006902AE /* Products */ = {
			isa = PBXGroup;
			children = (
				668481171F5B0B24006902AE /* FolderSync.app */,
			);
			name = Products;
			sourceTree = "<group>";
		};
		668481191F5B0B24006902AE /* FolderSync */ = {
			isa = PBXGroup;
			children = (
				668481221F5B0B24006902AE /* FolderSync.entitlements */,
				66B1F1EF1F691B9F00F846AF /* FolderSync-Bridging-Header.h */,
				668481211F5B0B24006902AE /* Info.plist */,
				6684811A1F5B0B24006902AE /* AppDelegate.swift */,
				668481281F5B0FE5006902AE /* Application.swift */,
				66B1F1F31F69308500F846AF /* Constants.swift */,
				665AC8C11F5E9A8B00A16B19 /* FileObject.swift */,
				66DAF06B1F70C10C0027C305 /* FilePermissions.swift */,
				665AC8C31F60F0FD00A16B19 /* FileService.swift */,
				666D4B5D1F678D1C00ED3240 /* FolderCompareViewController.swift */,
				6684812A1F5B10D4006902AE /* FolderSelectedViewController.swift */,
				66F907611F703168006BEB54 /* NSTouchBar+Helper.swift */,
				662926181F6D2909004C5300 /* OutlineView.swift */,
				666D4B5F1F678D6700ED3240 /* SingleOutlineView.swift */,
				66B1F1F71F6A796200F846AF /* ViewController.swift */,
				6684811C1F5B0B24006902AE /* Assets.xcassets */,
				665AC8BF1F5E4B4B00A16B19 /* FileOutlineView.xib */,
				668481301F5DB07E006902AE /* FileTableCellView.xib */,
			);
			path = FolderSync;
			sourceTree = "<group>";
		};
		A0B2789A402D85B648730223 /* Frameworks */ = {
			isa = PBXGroup;
			children = (
				D5C031BD6CF52C711DB76E2B /* Pods_FolderSync.framework */,
			);
			name = Frameworks;
			sourceTree = "<group>";
		};
/* End PBXGroup section */

/* Begin PBXNativeTarget section */
		668481161F5B0B24006902AE /* FolderSync */ = {
			isa = PBXNativeTarget;
			buildConfigurationList = 668481251F5B0B25006902AE /* Build configuration list for PBXNativeTarget "FolderSync" */;
			buildPhases = (
				4C8291650F18C8C0E1BD52DA /* [CP] Check Pods Manifest.lock */,
				668481131F5B0B24006902AE /* Sources */,
				668481141F5B0B24006902AE /* Frameworks */,
				668481151F5B0B24006902AE /* Resources */,
				68D471C9F0CC978F9872412D /* [CP] Embed Pods Frameworks */,
				62DD134F29FBCA10FBF1C16A /* [CP] Copy Pods Resources */,
			);
			buildRules = (
			);
			dependencies = (
			);
			name = FolderSync;
			productName = FolderSync;
			productReference = 668481171F5B0B24006902AE /* FolderSync.app */;
			productType = "com.apple.product-type.application";
		};
/* End PBXNativeTarget section */

/* Begin PBXProject section */
		6684810F1F5B0B24006902AE /* Project object */ = {
			isa = PBXProject;
			attributes = {
				LastSwiftUpdateCheck = 0900;
				LastUpgradeCheck = 0900;
				ORGANIZATIONNAME = wenyou;
				TargetAttributes = {
					668481161F5B0B24006902AE = {
						CreatedOnToolsVersion = 9.0;
						LastSwiftMigration = 0900;
						ProvisioningStyle = Automatic;
						SystemCapabilities = {
							com.apple.Sandbox = {
								enabled = 1;
							};
						};
					};
				};
			};
			buildConfigurationList = 668481121F5B0B24006902AE /* Build configuration list for PBXProject "FolderSync" */;
			compatibilityVersion = "Xcode 8.0";
			developmentRegion = en;
			hasScannedForEncodings = 0;
			knownRegions = (
				en,
				Base,
			);
			mainGroup = 6684810E1F5B0B24006902AE;
			productRefGroup = 668481181F5B0B24006902AE /* Products */;
			projectDirPath = "";
			projectRoot = "";
			targets = (
				668481161F5B0B24006902AE /* FolderSync */,
			);
		};
/* End PBXProject section */

/* Begin PBXResourcesBuildPhase section */
		668481151F5B0B24006902AE /* Resources */ = {
			isa = PBXResourcesBuildPhase;
			buildActionMask = 2147483647;
			files = (
				6684811D1F5B0B24006902AE /* Assets.xcassets in Resources */,
				665AC8C01F5E4B4B00A16B19 /* FileOutlineView.xib in Resources */,
				668481311F5DB07E006902AE /* FileTableCellView.xib in Resources */,
			);
			runOnlyForDeploymentPostprocessing = 0;
		};
/* End PBXResourcesBuildPhase section */

/* Begin PBXShellScriptBuildPhase section */
		4C8291650F18C8C0E1BD52DA /* [CP] Check Pods Manifest.lock */ = {
			isa = PBXShellScriptBuildPhase;
			buildActionMask = 2147483647;
			files = (
			);
			inputPaths = (
			);
			name = "[CP] Check Pods Manifest.lock";
			outputPaths = (
			);
			runOnlyForDeploymentPostprocessing = 0;
			shellPath = /bin/sh;
			shellScript = "diff \"${PODS_PODFILE_DIR_PATH}/Podfile.lock\" \"${PODS_ROOT}/Manifest.lock\" > /dev/null\nif [ $? != 0 ] ; then\n    # print error to STDERR\n    echo \"error: The sandbox is not in sync with the Podfile.lock. Run 'pod install' or update your CocoaPods installation.\" >&2\n    exit 1\nfi\n";
			showEnvVarsInLog = 0;
		};
		62DD134F29FBCA10FBF1C16A /* [CP] Copy Pods Resources */ = {
			isa = PBXShellScriptBuildPhase;
			buildActionMask = 2147483647;
			files = (
			);
			inputPaths = (
			);
			name = "[CP] Copy Pods Resources";
			outputPaths = (
			);
			runOnlyForDeploymentPostprocessing = 0;
			shellPath = /bin/sh;
			shellScript = "\"${SRCROOT}/Pods/Target Support Files/Pods-FolderSync/Pods-FolderSync-resources.sh\"\n";
			showEnvVarsInLog = 0;
		};
		68D471C9F0CC978F9872412D /* [CP] Embed Pods Frameworks */ = {
			isa = PBXShellScriptBuildPhase;
			buildActionMask = 2147483647;
			files = (
			);
			inputPaths = (
			);
			name = "[CP] Embed Pods Frameworks";
			outputPaths = (
			);
			runOnlyForDeploymentPostprocessing = 0;
			shellPath = /bin/sh;
			shellScript = "\"${SRCROOT}/Pods/Target Support Files/Pods-FolderSync/Pods-FolderSync-frameworks.sh\"\n";
			showEnvVarsInLog = 0;
		};
/* End PBXShellScriptBuildPhase section */

/* Begin PBXSourcesBuildPhase section */
		668481131F5B0B24006902AE /* Sources */ = {
			isa = PBXSourcesBuildPhase;
			buildActionMask = 2147483647;
			files = (
				665AC8C21F5E9A8B00A16B19 /* FileObject.swift in Sources */,
				665AC8C41F60F0FD00A16B19 /* FileService.swift in Sources */,
				666D4B5E1F678D1C00ED3240 /* FolderCompareViewController.swift in Sources */,
				662926191F6D2909004C5300 /* OutlineView.swift in Sources */,
				66DAF06C1F70C10C0027C305 /* FilePermissions.swift in Sources */,
				66B1F1F81F6A796200F846AF /* ViewController.swift in Sources */,
				66F907621F703168006BEB54 /* NSTouchBar+Helper.swift in Sources */,
				666D4B601F678D6700ED3240 /* SingleOutlineView.swift in Sources */,
				668481291F5B0FE5006902AE /* Application.swift in Sources */,
				6684811B1F5B0B24006902AE /* AppDelegate.swift in Sources */,
				6684812B1F5B10D4006902AE /* FolderSelectedViewController.swift in Sources */,
				66B1F1F41F69308500F846AF /* Constants.swift in Sources */,
			);
			runOnlyForDeploymentPostprocessing = 0;
		};
/* End PBXSourcesBuildPhase section */

/* Begin XCBuildConfiguration section */
		668481231F5B0B24006902AE /* Debug */ = {
			isa = XCBuildConfiguration;
			buildSettings = {
				ALWAYS_SEARCH_USER_PATHS = NO;
				CLANG_ANALYZER_NONNULL = YES;
				CLANG_ANALYZER_NUMBER_OBJECT_CONVERSION = YES_AGGRESSIVE;
				CLANG_CXX_LANGUAGE_STANDARD = "gnu++14";
				CLANG_CXX_LIBRARY = "libc++";
				CLANG_ENABLE_MODULES = YES;
				CLANG_ENABLE_OBJC_ARC = YES;
				CLANG_WARN_BLOCK_CAPTURE_AUTORELEASING = YES;
				CLANG_WARN_BOOL_CONVERSION = YES;
				CLANG_WARN_COMMA = YES;
				CLANG_WARN_CONSTANT_CONVERSION = YES;
				CLANG_WARN_DIRECT_OBJC_ISA_USAGE = YES_ERROR;
				CLANG_WARN_DOCUMENTATION_COMMENTS = YES;
				CLANG_WARN_EMPTY_BODY = YES;
				CLANG_WARN_ENUM_CONVERSION = YES;
				CLANG_WARN_INFINITE_RECURSION = YES;
				CLANG_WARN_INT_CONVERSION = YES;
				CLANG_WARN_NON_LITERAL_NULL_CONVERSION = YES;
				CLANG_WARN_OBJC_LITERAL_CONVERSION = YES;
				CLANG_WARN_OBJC_ROOT_CLASS = YES_ERROR;
				CLANG_WARN_RANGE_LOOP_ANALYSIS = YES;
				CLANG_WARN_STRICT_PROTOTYPES = YES;
				CLANG_WARN_SUSPICIOUS_MOVE = YES;
				CLANG_WARN_UNGUARDED_AVAILABILITY = YES_AGGRESSIVE;
				CLANG_WARN_UNREACHABLE_CODE = YES;
				CLANG_WARN__DUPLICATE_METHOD_MATCH = YES;
				CODE_SIGN_IDENTITY = "Mac Developer";
				COPY_PHASE_STRIP = NO;
				DEBUG_INFORMATION_FORMAT = dwarf;
				ENABLE_STRICT_OBJC_MSGSEND = YES;
				ENABLE_TESTABILITY = YES;
				GCC_C_LANGUAGE_STANDARD = gnu11;
				GCC_DYNAMIC_NO_PIC = NO;
				GCC_NO_COMMON_BLOCKS = YES;
				GCC_OPTIMIZATION_LEVEL = 0;
				GCC_PREPROCESSOR_DEFINITIONS = (
					"DEBUG=1",
					"$(inherited)",
				);
				GCC_WARN_64_TO_32_BIT_CONVERSION = YES;
				GCC_WARN_ABOUT_RETURN_TYPE = YES_ERROR;
				GCC_WARN_UNDECLARED_SELECTOR = YES;
				GCC_WARN_UNINITIALIZED_AUTOS = YES_AGGRESSIVE;
				GCC_WARN_UNUSED_FUNCTION = YES;
				GCC_WARN_UNUSED_VARIABLE = YES;
				MACOSX_DEPLOYMENT_TARGET = 10.12;
				MTL_ENABLE_DEBUG_INFO = YES;
				ONLY_ACTIVE_ARCH = YES;
				SDKROOT = macosx;
				SWIFT_ACTIVE_COMPILATION_CONDITIONS = DEBUG;
				SWIFT_OPTIMIZATION_LEVEL = "-Onone";
			};
			name = Debug;
		};
		668481241F5B0B24006902AE /* Release */ = {
			isa = XCBuildConfiguration;
			buildSettings = {
				ALWAYS_SEARCH_USER_PATHS = NO;
				CLANG_ANALYZER_NONNULL = YES;
				CLANG_ANALYZER_NUMBER_OBJECT_CONVERSION = YES_AGGRESSIVE;
				CLANG_CXX_LANGUAGE_STANDARD = "gnu++14";
				CLANG_CXX_LIBRARY = "libc++";
				CLANG_ENABLE_MODULES = YES;
				CLANG_ENABLE_OBJC_ARC = YES;
				CLANG_WARN_BLOCK_CAPTURE_AUTORELEASING = YES;
				CLANG_WARN_BOOL_CONVERSION = YES;
				CLANG_WARN_COMMA = YES;
				CLANG_WARN_CONSTANT_CONVERSION = YES;
				CLANG_WARN_DIRECT_OBJC_ISA_USAGE = YES_ERROR;
				CLANG_WARN_DOCUMENTATION_COMMENTS = YES;
				CLANG_WARN_EMPTY_BODY = YES;
				CLANG_WARN_ENUM_CONVERSION = YES;
				CLANG_WARN_INFINITE_RECURSION = YES;
				CLANG_WARN_INT_CONVERSION = YES;
				CLANG_WARN_NON_LITERAL_NULL_CONVERSION = YES;
				CLANG_WARN_OBJC_LITERAL_CONVERSION = YES;
				CLANG_WARN_OBJC_ROOT_CLASS = YES_ERROR;
				CLANG_WARN_RANGE_LOOP_ANALYSIS = YES;
				CLANG_WARN_STRICT_PROTOTYPES = YES;
				CLANG_WARN_SUSPICIOUS_MOVE = YES;
				CLANG_WARN_UNGUARDED_AVAILABILITY = YES_AGGRESSIVE;
				CLANG_WARN_UNREACHABLE_CODE = YES;
				CLANG_WARN__DUPLICATE_METHOD_MATCH = YES;
				CODE_SIGN_IDENTITY = "Mac Developer";
				COPY_PHASE_STRIP = NO;
				DEBUG_INFORMATION_FORMAT = "dwarf-with-dsym";
				ENABLE_NS_ASSERTIONS = NO;
				ENABLE_STRICT_OBJC_MSGSEND = YES;
				GCC_C_LANGUAGE_STANDARD = gnu11;
				GCC_NO_COMMON_BLOCKS = YES;
				GCC_WARN_64_TO_32_BIT_CONVERSION = YES;
				GCC_WARN_ABOUT_RETURN_TYPE = YES_ERROR;
				GCC_WARN_UNDECLARED_SELECTOR = YES;
				GCC_WARN_UNINITIALIZED_AUTOS = YES_AGGRESSIVE;
				GCC_WARN_UNUSED_FUNCTION = YES;
				GCC_WARN_UNUSED_VARIABLE = YES;
				MACOSX_DEPLOYMENT_TARGET = 10.12;
				MTL_ENABLE_DEBUG_INFO = NO;
				SDKROOT = macosx;
				SWIFT_OPTIMIZATION_LEVEL = "-Owholemodule";
			};
			name = Release;
		};
		668481261F5B0B25006902AE /* Debug */ = {
			isa = XCBuildConfiguration;
			baseConfigurationReference = 6584601C849651A878A69A0F /* Pods-FolderSync.debug.xcconfig */;
			buildSettings = {
				ASSETCATALOG_COMPILER_APPICON_NAME = AppIcon;
				CLANG_ENABLE_MODULES = YES;
				CODE_SIGN_ENTITLEMENTS = FolderSync/FolderSync.entitlements;
				CODE_SIGN_IDENTITY = "Mac Developer";
				CODE_SIGN_STYLE = Automatic;
				COMBINE_HIDPI_IMAGES = YES;
				DEVELOPMENT_TEAM = CY25956VB2;
				INFOPLIST_FILE = FolderSync/Info.plist;
				LD_RUNPATH_SEARCH_PATHS = "$(inherited) @executable_path/../Frameworks";
				MACOSX_DEPLOYMENT_TARGET = 10.12;
				PRODUCT_BUNDLE_IDENTIFIER = win.sourcecode.FolderSync;
				PRODUCT_NAME = "$(TARGET_NAME)";
				PROVISIONING_PROFILE_SPECIFIER = "";
				SWIFT_OBJC_BRIDGING_HEADER = "FolderSync/FolderSync-Bridging-Header.h";
				SWIFT_OPTIMIZATION_LEVEL = "-Onone";
				SWIFT_VERSION = 4.0;
			};
			name = Debug;
		};
		668481271F5B0B25006902AE /* Release */ = {
			isa = XCBuildConfiguration;
			baseConfigurationReference = 0F26349E45600EC0F007B75A /* Pods-FolderSync.release.xcconfig */;
			buildSettings = {
				ASSETCATALOG_COMPILER_APPICON_NAME = AppIcon;
				CLANG_ENABLE_MODULES = YES;
				CODE_SIGN_ENTITLEMENTS = FolderSync/FolderSync.entitlements;
				CODE_SIGN_IDENTITY = "Mac Developer";
				CODE_SIGN_STYLE = Automatic;
				COMBINE_HIDPI_IMAGES = YES;
				DEVELOPMENT_TEAM = CY25956VB2;
				INFOPLIST_FILE = FolderSync/Info.plist;
				LD_RUNPATH_SEARCH_PATHS = "$(inherited) @executable_path/../Frameworks";
				MACOSX_DEPLOYMENT_TARGET = 10.12;
				PRODUCT_BUNDLE_IDENTIFIER = win.sourcecode.FolderSync;
				PRODUCT_NAME = "$(TARGET_NAME)";
				PROVISIONING_PROFILE_SPECIFIER = "";
				SWIFT_OBJC_BRIDGING_HEADER = "FolderSync/FolderSync-Bridging-Header.h";
				SWIFT_VERSION = 4.0;
			};
			name = Release;
		};
/* End XCBuildConfiguration section */

/* Begin XCConfigurationList section */
		668481121F5B0B24006902AE /* Build configuration list for PBXProject "FolderSync" */ = {
			isa = XCConfigurationList;
			buildConfigurations = (
				668481231F5B0B24006902AE /* Debug */,
				668481241F5B0B24006902AE /* Release */,
			);
			defaultConfigurationIsVisible = 0;
			defaultConfigurationName = Release;
		};
		668481251F5B0B25006902AE /* Build configuration list for PBXNativeTarget "FolderSync" */ = {
			isa = XCConfigurationList;
			buildConfigurations = (
				668481261F5B0B25006902AE /* Debug */,
				668481271F5B0B25006902AE /* Release */,
			);
			defaultConfigurationIsVisible = 0;
			defaultConfigurationName = Release;
		};
/* End XCConfigurationList section */
	};
	rootObject = 6684810F1F5B0B24006902AE /* Project object */;
}
